{
  "lockfileVersion": 1,
  "configVersion": 1,
  "workspaces": {
    "": {
      "name": "surveyjs-validation-demo",
      "dependencies": {
        "survey-core": "3.0.4",
      },
    },
  },
  "packages": {
    "survey-core": ["survey-core@3.0.4", "", {}, "sha512-VLCqazYrBKoJVAacm7HCLAHSlyK0mOISVqa/QBQjGxzjwaORkKKBPUHf8UOc42XQ2uEq+vtCLioeYnXgiE3rqA=="],
  }
}
