{
  "lockfileVersion": 1,
  "configVersion": 1,
  "workspaces": {
    "": {
      "name": "surveyjs-validation-demo",
      "dependencies": {
        "survey-core": "3.0.2",
      },
    },
  },
  "packages": {
    "survey-core": ["survey-core@3.0.2", "", {}, "sha512-koM/Y8tV5YBaRxoET4kzHcnHWH0x//xSUtyahCS7WkBM9KaNrerh7reAXss7qVdInLZ4pkRTE76GiOWTuSaD5Q=="],
  }
}
